
Microsoft Visual Studio Solution File, Format Version 12.00
# Visual Studio 14
VisualStudioVersion = 14.0.25420.1
MinimumVisualStudioVersion = 10.0.40219.1
Project("{FAE04EC0-301F-11D3-BF4B-00C04F79EFBC}") = "Silentdoer.Main", "Silentdoer.Main\Silentdoer.Main.csproj", "{CE3F7D47-D5A3-449F-ACD7-F622B5735BAD}"
EndProject
Project("{FAE04EC0-301F-11D3-BF4B-00C04F79EFBC}") = "Silentdoer.FiveChess", "Silentdoer.FiveChess\Silentdoer.FiveChess.csproj", "{8D86B7D2-F89F-4F95-A846-44CC06264D44}"
EndProject
Global
	GlobalSection(SolutionConfigurationPlatforms) = preSolution
		Debug|Any CPU = Debug|Any CPU
		Release|Any CPU = Release|Any CPU
	EndGlobalSection
	GlobalSection(ProjectConfigurationPlatforms) = postSolution
		{CE3F7D47-D5A3-449F-ACD7-F622B5735BAD}.Debug|Any CPU.ActiveCfg = Debug|Any CPU
		{CE3F7D47-D5A3-449F-ACD7-F622B5735BAD}.Debug|Any CPU.Build.0 = Debug|Any CPU
		{CE3F7D47-D5A3-449F-ACD7-F622B5735BAD}.Release|Any CPU.ActiveCfg = Release|Any CPU
		{CE3F7D47-D5A3-449F-ACD7-F622B5735BAD}.Release|Any CPU.Build.0 = Release|Any CPU
		{8D86B7D2-F89F-4F95-A846-44CC06264D44}.Debug|Any CPU.ActiveCfg = Debug|Any CPU
		{8D86B7D2-F89F-4F95-A846-44CC06264D44}.Debug|Any CPU.Build.0 = Debug|Any CPU
		{8D86B7D2-F89F-4F95-A846-44CC06264D44}.Release|Any CPU.ActiveCfg = Release|Any CPU
		{8D86B7D2-F89F-4F95-A846-44CC06264D44}.Release|Any CPU.Build.0 = Release|Any CPU
	EndGlobalSection
	GlobalSection(SolutionProperties) = preSolution
		HideSolutionNode = FALSE
	EndGlobalSection
EndGlobal
